
Microsoft Visual Studio Solution File, Format Version 12.00
# Visual Studio Version 17
VisualStudioVersion = 17.8.34330.188
MinimumVisualStudioVersion = 10.0.40219.1
Project("{FAE04EC0-301F-11D3-BF4B-00C04F79EFBC}") = "audioplayer", "audioplayer\audioplayer.csproj", "{B54D7CEC-F517-4360-A3AB-BAD76A488627}"
EndProject
Global
	GlobalSection(SolutionConfigurationPlatforms) = preSolution
		Debug|Any CPU = Debug|Any CPU
		Release|Any CPU = Release|Any CPU
	EndGlobalSection
	GlobalSection(ProjectConfigurationPlatforms) = postSolution
		{B54D7CEC-F517-4360-A3AB-BAD76A488627}.Debug|Any CPU.ActiveCfg = Debug|Any CPU
		{B54D7CEC-F517-4360-A3AB-BAD76A488627}.Debug|Any CPU.Build.0 = Debug|Any CPU
		{B54D7CEC-F517-4360-A3AB-BAD76A488627}.Release|Any CPU.ActiveCfg = Release|Any CPU
		{B54D7CEC-F517-4360-A3AB-BAD76A488627}.Release|Any CPU.Build.0 = Release|Any CPU
	EndGlobalSection
	GlobalSection(SolutionProperties) = preSolution
		HideSolutionNode = FALSE
	EndGlobalSection
	GlobalSection(ExtensibilityGlobals) = postSolution
		SolutionGuid = {68224ECE-E880-4E78-A159-037CB4551D97}
	EndGlobalSection
EndGlobal
